
Microsoft Visual Studio Solution File, Format Version 12.00
# Visual Studio Version 17
VisualStudioVersion = 17.7.34031.279
MinimumVisualStudioVersion = 10.0.40219.1
Project("{9A19103F-16F7-4668-BE54-9A1E7A4F7556}") = "SMEV.Adapter", "SMEV.Adapter\SMEV.Adapter.csproj", "{EDDF7083-C577-4EDA-BADB-5F7B3C6BFF1A}"
EndProject
Project("{FAE04EC0-301F-11D3-BF4B-00C04F79EFBC}") = "SMEV.AdapterTests", "SMEV.AdapterTests\SMEV.AdapterTests.csproj", "{FC3F871E-B0D8-417B-BE7E-045386746839}"
EndProject
Global
	GlobalSection(SolutionConfigurationPlatforms) = preSolution
		Debug|Any CPU = Debug|Any CPU
		Release|Any CPU = Release|Any CPU
	EndGlobalSection
	GlobalSection(ProjectConfigurationPlatforms) = postSolution
		{EDDF7083-C577-4EDA-BADB-5F7B3C6BFF1A}.Debug|Any CPU.ActiveCfg = Debug|Any CPU
		{EDDF7083-C577-4EDA-BADB-5F7B3C6BFF1A}.Debug|Any CPU.Build.0 = Debug|Any CPU
		{EDDF7083-C577-4EDA-BADB-5F7B3C6BFF1A}.Release|Any CPU.ActiveCfg = Release|Any CPU
		{EDDF7083-C577-4EDA-BADB-5F7B3C6BFF1A}.Release|Any CPU.Build.0 = Release|Any CPU
		{FC3F871E-B0D8-417B-BE7E-045386746839}.Debug|Any CPU.ActiveCfg = Debug|Any CPU
		{FC3F871E-B0D8-417B-BE7E-045386746839}.Debug|Any CPU.Build.0 = Debug|Any CPU
		{FC3F871E-B0D8-417B-BE7E-045386746839}.Release|Any CPU.ActiveCfg = Release|Any CPU
		{FC3F871E-B0D8-417B-BE7E-045386746839}.Release|Any CPU.Build.0 = Release|Any CPU
	EndGlobalSection
	GlobalSection(SolutionProperties) = preSolution
		HideSolutionNode = FALSE
	EndGlobalSection
	GlobalSection(ExtensibilityGlobals) = postSolution
		SolutionGuid = {1093D35C-7FC8-4C4A-92D2-C726068FB8FB}
	EndGlobalSection
EndGlobal
